
Microsoft Visual Studio Solution File, Format Version 12.00
# Visual Studio 2012
Project("{2150E333-8FDC-42A3-9474-1A3956D46DE8}") = "01-Presentation", "01-Presentation", "{EDAD9769-1349-4531-8E8A-8F7586FE0F0E}"
EndProject
Project("{2150E333-8FDC-42A3-9474-1A3956D46DE8}") = "02-Application", "02-Application", "{FC962B31-9447-4674-ABEB-117D0F2D54B9}"
EndProject
Project("{2150E333-8FDC-42A3-9474-1A3956D46DE8}") = "03-Domain", "03-Domain", "{06C400B1-00BF-4955-A4E4-C3828E1DE7BC}"
EndProject
Project("{2150E333-8FDC-42A3-9474-1A3956D46DE8}") = "04-Infrastructure", "04-Infrastructure", "{A0F17DF3-A1C2-4BA8-B2FC-35A957E03E0D}"
EndProject
Project("{FAE04EC0-301F-11D3-BF4B-00C04F79EFBC}") = "SHEEP.LMS.WebUI", "SHEEP.LMS.WebUI\SHEEP.LMS.WebUI.csproj", "{2C203212-199B-4660-93EB-84B4D49125A1}"
EndProject
Project("{FAE04EC0-301F-11D3-BF4B-00C04F79EFBC}") = "SHEEP.LMS.Application", "SHEEP.LMS.Application\SHEEP.LMS.Application.csproj", "{81F4D6EE-458D-4BF0-93D4-F2CBBC63215D}"
EndProject
Project("{FAE04EC0-301F-11D3-BF4B-00C04F79EFBC}") = "SHEEP.LMS.Domain", "SHEEP.LMS.Domain\SHEEP.LMS.Domain.csproj", "{CD5BA64E-BBBC-4B8B-B62E-4E2CF267BE5B}"
EndProject
Project("{FAE04EC0-301F-11D3-BF4B-00C04F79EFBC}") = "SHEEP.LMS.Repositories", "SHEEP.LMS.Repositories\SHEEP.LMS.Repositories.csproj", "{11A2CF7C-0F82-462B-A9AF-022822EA3DA4}"
EndProject
Project("{FAE04EC0-301F-11D3-BF4B-00C04F79EFBC}") = "SHEEP.LMS.Log", "SHEEP.LMS.Log\SHEEP.LMS.Log.csproj", "{386F447A-6093-4D39-9222-0229B970B97F}"
EndProject
Project("{FAE04EC0-301F-11D3-BF4B-00C04F79EFBC}") = "SHEEP.LMS.Config", "SHEEP.LMS.Config\SHEEP.LMS.Config.csproj", "{90DC2ED6-6FF3-40DB-A163-70273192ACCB}"
EndProject
Project("{FAE04EC0-301F-11D3-BF4B-00C04F79EFBC}") = "SHEEP.LMS.Infrastructure", "SHEEP.LMS.Infrastructure\SHEEP.LMS.Infrastructure.csproj", "{5AD5C1B4-F9C6-40AE-B8CA-9BBD35A155EB}"
EndProject
Global
	GlobalSection(SolutionConfigurationPlatforms) = preSolution
		Debug|Any CPU = Debug|Any CPU
		Release|Any CPU = Release|Any CPU
	EndGlobalSection
	GlobalSection(ProjectConfigurationPlatforms) = postSolution
		{2C203212-199B-4660-93EB-84B4D49125A1}.Debug|Any CPU.ActiveCfg = Debug|Any CPU
		{2C203212-199B-4660-93EB-84B4D49125A1}.Debug|Any CPU.Build.0 = Debug|Any CPU
		{2C203212-199B-4660-93EB-84B4D49125A1}.Release|Any CPU.ActiveCfg = Release|Any CPU
		{2C203212-199B-4660-93EB-84B4D49125A1}.Release|Any CPU.Build.0 = Release|Any CPU
		{81F4D6EE-458D-4BF0-93D4-F2CBBC63215D}.Debug|Any CPU.ActiveCfg = Debug|Any CPU
		{81F4D6EE-458D-4BF0-93D4-F2CBBC63215D}.Debug|Any CPU.Build.0 = Debug|Any CPU
		{81F4D6EE-458D-4BF0-93D4-F2CBBC63215D}.Release|Any CPU.ActiveCfg = Release|Any CPU
		{81F4D6EE-458D-4BF0-93D4-F2CBBC63215D}.Release|Any CPU.Build.0 = Release|Any CPU
		{CD5BA64E-BBBC-4B8B-B62E-4E2CF267BE5B}.Debug|Any CPU.ActiveCfg = Debug|Any CPU
		{CD5BA64E-BBBC-4B8B-B62E-4E2CF267BE5B}.Debug|Any CPU.Build.0 = Debug|Any CPU
		{CD5BA64E-BBBC-4B8B-B62E-4E2CF267BE5B}.Release|Any CPU.ActiveCfg = Release|Any CPU
		{CD5BA64E-BBBC-4B8B-B62E-4E2CF267BE5B}.Release|Any CPU.Build.0 = Release|Any CPU
		{11A2CF7C-0F82-462B-A9AF-022822EA3DA4}.Debug|Any CPU.ActiveCfg = Debug|Any CPU
		{11A2CF7C-0F82-462B-A9AF-022822EA3DA4}.Debug|Any CPU.Build.0 = Debug|Any CPU
		{11A2CF7C-0F82-462B-A9AF-022822EA3DA4}.Release|Any CPU.ActiveCfg = Release|Any CPU
		{11A2CF7C-0F82-462B-A9AF-022822EA3DA4}.Release|Any CPU.Build.0 = Release|Any CPU
		{386F447A-6093-4D39-9222-0229B970B97F}.Debug|Any CPU.ActiveCfg = Debug|Any CPU
		{386F447A-6093-4D39-9222-0229B970B97F}.Debug|Any CPU.Build.0 = Debug|Any CPU
		{386F447A-6093-4D39-9222-0229B970B97F}.Release|Any CPU.ActiveCfg = Release|Any CPU
		{386F447A-6093-4D39-9222-0229B970B97F}.Release|Any CPU.Build.0 = Release|Any CPU
		{90DC2ED6-6FF3-40DB-A163-70273192ACCB}.Debug|Any CPU.ActiveCfg = Debug|Any CPU
		{90DC2ED6-6FF3-40DB-A163-70273192ACCB}.Debug|Any CPU.Build.0 = Debug|Any CPU
		{90DC2ED6-6FF3-40DB-A163-70273192ACCB}.Release|Any CPU.ActiveCfg = Release|Any CPU
		{90DC2ED6-6FF3-40DB-A163-70273192ACCB}.Release|Any CPU.Build.0 = Release|Any CPU
		{5AD5C1B4-F9C6-40AE-B8CA-9BBD35A155EB}.Debug|Any CPU.ActiveCfg = Debug|Any CPU
		{5AD5C1B4-F9C6-40AE-B8CA-9BBD35A155EB}.Debug|Any CPU.Build.0 = Debug|Any CPU
		{5AD5C1B4-F9C6-40AE-B8CA-9BBD35A155EB}.Release|Any CPU.ActiveCfg = Release|Any CPU
		{5AD5C1B4-F9C6-40AE-B8CA-9BBD35A155EB}.Release|Any CPU.Build.0 = Release|Any CPU
	EndGlobalSection
	GlobalSection(SolutionProperties) = preSolution
		HideSolutionNode = FALSE
	EndGlobalSection
	GlobalSection(NestedProjects) = preSolution
		{2C203212-199B-4660-93EB-84B4D49125A1} = {EDAD9769-1349-4531-8E8A-8F7586FE0F0E}
		{81F4D6EE-458D-4BF0-93D4-F2CBBC63215D} = {FC962B31-9447-4674-ABEB-117D0F2D54B9}
		{CD5BA64E-BBBC-4B8B-B62E-4E2CF267BE5B} = {06C400B1-00BF-4955-A4E4-C3828E1DE7BC}
		{11A2CF7C-0F82-462B-A9AF-022822EA3DA4} = {A0F17DF3-A1C2-4BA8-B2FC-35A957E03E0D}
		{386F447A-6093-4D39-9222-0229B970B97F} = {A0F17DF3-A1C2-4BA8-B2FC-35A957E03E0D}
		{90DC2ED6-6FF3-40DB-A163-70273192ACCB} = {A0F17DF3-A1C2-4BA8-B2FC-35A957E03E0D}
		{5AD5C1B4-F9C6-40AE-B8CA-9BBD35A155EB} = {A0F17DF3-A1C2-4BA8-B2FC-35A957E03E0D}
	EndGlobalSection
EndGlobal
